// !$*UTF8*$!
{
	archiveVersion = 1;
	classes = {
	};
	objectVersion = 46;
	objects = {

/* Begin PBXBuildFile section */
		4FF0AB4A1DB9324A2F9123CF /* Pods.framework in Frameworks */ = {isa = PBXBuildFile; fileRef = 538A39FE6BE18E7BFF0308D6 /* Pods.framework */; };
		DA0152EB1C1EC4AE00F4E5E3 /* HMZNavigationController.swift in Sources */ = {isa = PBXBuildFile; fileRef = DA0152EA1C1EC4AE00F4E5E3 /* HMZNavigationController.swift */; };
		DA0152F41C1EDF9800F4E5E3 /* HMZStatus.swift in Sources */ = {isa = PBXBuildFile; fileRef = DA0152F31C1EDF9800F4E5E3 /* HMZStatus.swift */; };
		DA0152F61C1EE0D200F4E5E3 /* HMZUser.swift in Sources */ = {isa = PBXBuildFile; fileRef = DA0152F51C1EE0D200F4E5E3 /* HMZUser.swift */; };
		DA02821E1C1D0135000416A4 /* HMZNetWorkTool.swift in Sources */ = {isa = PBXBuildFile; fileRef = DA02821D1C1D0135000416A4 /* HMZNetWorkTool.swift */; };
		DA0282211C1D0C93000416A4 /* HMZOAuthViewController.swift in Sources */ = {isa = PBXBuildFile; fileRef = DA0282201C1D0C93000416A4 /* HMZOAuthViewController.swift */; };
		DA0282231C1D1E63000416A4 /* HMZUserAccountViewModel.swift in Sources */ = {isa = PBXBuildFile; fileRef = DA0282221C1D1E63000416A4 /* HMZUserAccountViewModel.swift */; };
		DA0282251C1D405E000416A4 /* HMZAccount.swift in Sources */ = {isa = PBXBuildFile; fileRef = DA0282241C1D405E000416A4 /* HMZAccount.swift */; };
		DA18C66E1C1FC31F00C8FCB7 /* HMZStatusOriginalView.swift in Sources */ = {isa = PBXBuildFile; fileRef = DA18C66D1C1FC31F00C8FCB7 /* HMZStatusOriginalView.swift */; };
		DA18C6701C1FEDB800C8FCB7 /* HMZStatusViewModel.swift in Sources */ = {isa = PBXBuildFile; fileRef = DA18C66F1C1FEDB800C8FCB7 /* HMZStatusViewModel.swift */; };
		DA18C6721C20417100C8FCB7 /* HMZStatusToolBar.swift in Sources */ = {isa = PBXBuildFile; fileRef = DA18C6711C20417100C8FCB7 /* HMZStatusToolBar.swift */; };
		DA18C6741C205E1200C8FCB7 /* HMZStatusRetweetedView.swift in Sources */ = {isa = PBXBuildFile; fileRef = DA18C6731C205E1200C8FCB7 /* HMZStatusRetweetedView.swift */; };
		DA1ECA571C2D21E50044F814 /* String+Emoji.swift in Sources */ = {isa = PBXBuildFile; fileRef = DA1ECA561C2D21E50044F814 /* String+Emoji.swift */; };
		DA1ECA5B1C2D35E00044F814 /* HMZDropdownMenu.m in Sources */ = {isa = PBXBuildFile; fileRef = DA1ECA5A1C2D35E00044F814 /* HMZDropdownMenu.m */; };
		DA6B00DA1C1C068000D362C9 /* HMZMainTabBarController.swift in Sources */ = {isa = PBXBuildFile; fileRef = DA6B00D91C1C068000D362C9 /* HMZMainTabBarController.swift */; };
		DA6B00DE1C1C08C100D362C9 /* HMZMainTabBar.swift in Sources */ = {isa = PBXBuildFile; fileRef = DA6B00DD1C1C08C100D362C9 /* HMZMainTabBar.swift */; };
		DA6B00E01C1C4AA300D362C9 /* HMZDiscoverViewController.swift in Sources */ = {isa = PBXBuildFile; fileRef = DA6B00DF1C1C4AA300D362C9 /* HMZDiscoverViewController.swift */; };
		DA6B00E21C1C4AB500D362C9 /* HMZHomeViewController.swift in Sources */ = {isa = PBXBuildFile; fileRef = DA6B00E11C1C4AB500D362C9 /* HMZHomeViewController.swift */; };
		DA6B00E51C1C4AF400D362C9 /* HMZBaseTableViewController.swift in Sources */ = {isa = PBXBuildFile; fileRef = DA6B00E41C1C4AF400D362C9 /* HMZBaseTableViewController.swift */; };
		DA6B00E71C1C4B3D00D362C9 /* HMZMessageViewController.swift in Sources */ = {isa = PBXBuildFile; fileRef = DA6B00E61C1C4B3D00D362C9 /* HMZMessageViewController.swift */; };
		DA6B00E91C1C4B5300D362C9 /* HMZProfileViewController.swift in Sources */ = {isa = PBXBuildFile; fileRef = DA6B00E81C1C4B5300D362C9 /* HMZProfileViewController.swift */; };
		DA6B00EB1C1C5ABD00D362C9 /* HMZCommon.swift in Sources */ = {isa = PBXBuildFile; fileRef = DA6B00EA1C1C5ABD00D362C9 /* HMZCommon.swift */; };
		DA6B00F01C1C691200D362C9 /* HMZVisitorLoginViewController.swift in Sources */ = {isa = PBXBuildFile; fileRef = DA6B00EF1C1C691200D362C9 /* HMZVisitorLoginViewController.swift */; };
		DA74044E1C24E8A000919717 /* HMZPictureSeclectorViewController.swift in Sources */ = {isa = PBXBuildFile; fileRef = DA74044D1C24E8A000919717 /* HMZPictureSeclectorViewController.swift */; };
		DA7E691F1C227EE3001E7B78 /* NSDate+Extension.swift in Sources */ = {isa = PBXBuildFile; fileRef = DA7E691A1C227EE3001E7B78 /* NSDate+Extension.swift */; };
		DA7E69201C227EE3001E7B78 /* String+RegEx.swift in Sources */ = {isa = PBXBuildFile; fileRef = DA7E691B1C227EE3001E7B78 /* String+RegEx.swift */; };
		DA7E69211C227EE3001E7B78 /* UIButton+Extension.swift in Sources */ = {isa = PBXBuildFile; fileRef = DA7E691C1C227EE3001E7B78 /* UIButton+Extension.swift */; };
		DA7E69221C227EE3001E7B78 /* UILabel+Extension.swift in Sources */ = {isa = PBXBuildFile; fileRef = DA7E691D1C227EE3001E7B78 /* UILabel+Extension.swift */; };
		DA7E69231C227EE3001E7B78 /* UIVIew+ViewController.swift in Sources */ = {isa = PBXBuildFile; fileRef = DA7E691E1C227EE3001E7B78 /* UIVIew+ViewController.swift */; };
		DA7E69251C227F32001E7B78 /* HMZEmoticonTextView.swift in Sources */ = {isa = PBXBuildFile; fileRef = DA7E69241C227F32001E7B78 /* HMZEmoticonTextView.swift */; };
		DA7E69271C228478001E7B78 /* HMZEmoticon.swift in Sources */ = {isa = PBXBuildFile; fileRef = DA7E69261C228478001E7B78 /* HMZEmoticon.swift */; };
		DA7E69291C228547001E7B78 /* Emoticons.bundle in Resources */ = {isa = PBXBuildFile; fileRef = DA7E69281C228547001E7B78 /* Emoticons.bundle */; };
		DA7E692B1C228B77001E7B78 /* HMZEmoticonAttachment.swift in Sources */ = {isa = PBXBuildFile; fileRef = DA7E692A1C228B77001E7B78 /* HMZEmoticonAttachment.swift */; };
		DA7E692D1C22BA6A001E7B78 /* HMZEmoticonPackage.swift in Sources */ = {isa = PBXBuildFile; fileRef = DA7E692C1C22BA6A001E7B78 /* HMZEmoticonPackage.swift */; };
		DA7E692F1C22CE62001E7B78 /* HMZEmoticonManager.swift in Sources */ = {isa = PBXBuildFile; fileRef = DA7E692E1C22CE62001E7B78 /* HMZEmoticonManager.swift */; };
		DA8783AA1C1FB11400A411C1 /* HMZStatusCell.swift in Sources */ = {isa = PBXBuildFile; fileRef = DA8783A91C1FB11400A411C1 /* HMZStatusCell.swift */; };
		DA92A5C31C2A6E5B00EDB552 /* HMZProgressImageView.swift in Sources */ = {isa = PBXBuildFile; fileRef = DA92A5C21C2A6E5B00EDB552 /* HMZProgressImageView.swift */; };
		DA92A5C51C2A742E00EDB552 /* HMZPhotoBrowserViewController.swift in Sources */ = {isa = PBXBuildFile; fileRef = DA92A5C41C2A742E00EDB552 /* HMZPhotoBrowserViewController.swift */; };
		DA92A5C71C2A80FF00EDB552 /* HMZPhotoBrowserCell.swift in Sources */ = {isa = PBXBuildFile; fileRef = DA92A5C61C2A80FF00EDB552 /* HMZPhotoBrowserCell.swift */; };
		DA92A5C91C2AAD9A00EDB552 /* HMZPhotoBrowserAnimator.swift in Sources */ = {isa = PBXBuildFile; fileRef = DA92A5C81C2AAD9A00EDB552 /* HMZPhotoBrowserAnimator.swift */; };
		DA9932501C1BC65300FD69F6 /* AppDelegate.swift in Sources */ = {isa = PBXBuildFile; fileRef = DA99324F1C1BC65300FD69F6 /* AppDelegate.swift */; };
		DA9932621C1BC77800FD69F6 /* Assets.xcassets in Resources */ = {isa = PBXBuildFile; fileRef = DA9932611C1BC77800FD69F6 /* Assets.xcassets */; };
		DA9B6C671C1E6653005A910A /* HMZNewFeatureViewController.swift in Sources */ = {isa = PBXBuildFile; fileRef = DA9B6C661C1E6653005A910A /* HMZNewFeatureViewController.swift */; };
		DA9B6C691C1E672B005A910A /* HMZWelcomeViewController.swift in Sources */ = {isa = PBXBuildFile; fileRef = DA9B6C681C1E672B005A910A /* HMZWelcomeViewController.swift */; };
		DA9E07931C2399300036F444 /* HMZStatusComment.swift in Sources */ = {isa = PBXBuildFile; fileRef = DA9E07921C2399300036F444 /* HMZStatusComment.swift */; };
		DA9E07951C239DDD0036F444 /* HMZStatusCommentController.swift in Sources */ = {isa = PBXBuildFile; fileRef = DA9E07941C239DDD0036F444 /* HMZStatusCommentController.swift */; };
		DA9E07971C239FCD0036F444 /* HMZStatusCommentViewModel.swift in Sources */ = {isa = PBXBuildFile; fileRef = DA9E07961C239FCD0036F444 /* HMZStatusCommentViewModel.swift */; };
		DA9E079A1C23B5880036F444 /* HMZCommentCell.swift in Sources */ = {isa = PBXBuildFile; fileRef = DA9E07991C23B5880036F444 /* HMZCommentCell.swift */; };
		DA9E079C1C23F62A0036F444 /* HMZEmoticonKeyboardView.swift in Sources */ = {isa = PBXBuildFile; fileRef = DA9E079B1C23F62A0036F444 /* HMZEmoticonKeyboardView.swift */; };
		DAF5B2AB1C20FFEC0021DC2F /* HMZStatusPhotoView.swift in Sources */ = {isa = PBXBuildFile; fileRef = DAF5B2AA1C20FFEC0021DC2F /* HMZStatusPhotoView.swift */; };
		DAF5B2AD1C213A360021DC2F /* HMZWebViewController.swift in Sources */ = {isa = PBXBuildFile; fileRef = DAF5B2AC1C213A360021DC2F /* HMZWebViewController.swift */; };
		DAF5B2B31C2244FD0021DC2F /* HMZUserViewModel.swift in Sources */ = {isa = PBXBuildFile; fileRef = DAF5B2B21C2244FD0021DC2F /* HMZUserViewModel.swift */; };
		DAF5B2B81C225AE00021DC2F /* HMZComposeViewController.swift in Sources */ = {isa = PBXBuildFile; fileRef = DAF5B2B71C225AE00021DC2F /* HMZComposeViewController.swift */; };
		DAFBAFB41C2A33EA00A08251 /* HMZRefreshControl.swift in Sources */ = {isa = PBXBuildFile; fileRef = DAFBAFB31C2A33EA00A08251 /* HMZRefreshControl.swift */; };
/* End PBXBuildFile section */

/* Begin PBXFileReference section */
		538A39FE6BE18E7BFF0308D6 /* Pods.framework */ = {isa = PBXFileReference; explicitFileType = wrapper.framework; includeInIndex = 0; path = Pods.framework; sourceTree = BUILT_PRODUCTS_DIR; };
		719CF3A230C0F12D07071A75 /* Pods.release.xcconfig */ = {isa = PBXFileReference; includeInIndex = 1; lastKnownFileType = text.xcconfig; name = Pods.release.xcconfig; path = "Pods/Target Support Files/Pods/Pods.release.xcconfig"; sourceTree = "<group>"; };
		90FA620B0D6587D6FCA06E3E /* Pods.debug.xcconfig */ = {isa = PBXFileReference; includeInIndex = 1; lastKnownFileType = text.xcconfig; name = Pods.debug.xcconfig; path = "Pods/Target Support Files/Pods/Pods.debug.xcconfig"; sourceTree = "<group>"; };
		DA0152EA1C1EC4AE00F4E5E3 /* HMZNavigationController.swift */ = {isa = PBXFileReference; fileEncoding = 4; lastKnownFileType = sourcecode.swift; path = HMZNavigationController.swift; sourceTree = "<group>"; };
		DA0152F31C1EDF9800F4E5E3 /* HMZStatus.swift */ = {isa = PBXFileReference; fileEncoding = 4; lastKnownFileType = sourcecode.swift; path = HMZStatus.swift; sourceTree = "<group>"; };
		DA0152F51C1EE0D200F4E5E3 /* HMZUser.swift */ = {isa = PBXFileReference; fileEncoding = 4; lastKnownFileType = sourcecode.swift; path = HMZUser.swift; sourceTree = "<group>"; };
		DA02821D1C1D0135000416A4 /* HMZNetWorkTool.swift */ = {isa = PBXFileReference; fileEncoding = 4; lastKnownFileType = sourcecode.swift; path = HMZNetWorkTool.swift; sourceTree = "<group>"; };
		DA0282201C1D0C93000416A4 /* HMZOAuthViewController.swift */ = {isa = PBXFileReference; fileEncoding = 4; lastKnownFileType = sourcecode.swift; path = HMZOAuthViewController.swift; sourceTree = "<group>"; };
		DA0282221C1D1E63000416A4 /* HMZUserAccountViewModel.swift */ = {isa = PBXFileReference; fileEncoding = 4; lastKnownFileType = sourcecode.swift; path = HMZUserAccountViewModel.swift; sourceTree = "<group>"; };
		DA0282241C1D405E000416A4 /* HMZAccount.swift */ = {isa = PBXFileReference; fileEncoding = 4; lastKnownFileType = sourcecode.swift; path = HMZAccount.swift; sourceTree = "<group>"; };
		DA18C66D1C1FC31F00C8FCB7 /* HMZStatusOriginalView.swift */ = {isa = PBXFileReference; fileEncoding = 4; lastKnownFileType = sourcecode.swift; path = HMZStatusOriginalView.swift; sourceTree = "<group>"; };
		DA18C66F1C1FEDB800C8FCB7 /* HMZStatusViewModel.swift */ = {isa = PBXFileReference; fileEncoding = 4; lastKnownFileType = sourcecode.swift; path = HMZStatusViewModel.swift; sourceTree = "<group>"; };
		DA18C6711C20417100C8FCB7 /* HMZStatusToolBar.swift */ = {isa = PBXFileReference; fileEncoding = 4; lastKnownFileType = sourcecode.swift; path = HMZStatusToolBar.swift; sourceTree = "<group>"; };
		DA18C6731C205E1200C8FCB7 /* HMZStatusRetweetedView.swift */ = {isa = PBXFileReference; fileEncoding = 4; lastKnownFileType = sourcecode.swift; path = HMZStatusRetweetedView.swift; sourceTree = "<group>"; };
		DA1ECA561C2D21E50044F814 /* String+Emoji.swift */ = {isa = PBXFileReference; fileEncoding = 4; lastKnownFileType = sourcecode.swift; path = "String+Emoji.swift"; sourceTree = "<group>"; };
		DA1ECA581C2D35E00044F814 /* MyMicroblog-Bridging-Header.h */ = {isa = PBXFileReference; lastKnownFileType = sourcecode.c.h; path = "MyMicroblog-Bridging-Header.h"; sourceTree = "<group>"; };
		DA1ECA591C2D35E00044F814 /* HMZDropdownMenu.h */ = {isa = PBXFileReference; fileEncoding = 4; lastKnownFileType = sourcecode.c.h; path = HMZDropdownMenu.h; sourceTree = "<group>"; };
		DA1ECA5A1C2D35E00044F814 /* HMZDropdownMenu.m */ = {isa = PBXFileReference; fileEncoding = 4; lastKnownFileType = sourcecode.c.objc; path = HMZDropdownMenu.m; sourceTree = "<group>"; };
		DA6B00D91C1C068000D362C9 /* HMZMainTabBarController.swift */ = {isa = PBXFileReference; fileEncoding = 4; lastKnownFileType = sourcecode.swift; path = HMZMainTabBarController.swift; sourceTree = "<group>"; };
		DA6B00DD1C1C08C100D362C9 /* HMZMainTabBar.swift */ = {isa = PBXFileReference; fileEncoding = 4; lastKnownFileType = sourcecode.swift; path = HMZMainTabBar.swift; sourceTree = "<group>"; };
		DA6B00DF1C1C4AA300D362C9 /* HMZDiscoverViewController.swift */ = {isa = PBXFileReference; fileEncoding = 4; lastKnownFileType = sourcecode.swift; path = HMZDiscoverViewController.swift; sourceTree = "<group>"; };
		DA6B00E11C1C4AB500D362C9 /* HMZHomeViewController.swift */ = {isa = PBXFileReference; fileEncoding = 4; lastKnownFileType = sourcecode.swift; path = HMZHomeViewController.swift; sourceTree = "<group>"; };
		DA6B00E41C1C4AF400D362C9 /* HMZBaseTableViewController.swift */ = {isa = PBXFileReference; fileEncoding = 4; lastKnownFileType = sourcecode.swift; path = HMZBaseTableViewController.swift; sourceTree = "<group>"; };
		DA6B00E61C1C4B3D00D362C9 /* HMZMessageViewController.swift */ = {isa = PBXFileReference; fileEncoding = 4; lastKnownFileType = sourcecode.swift; path = HMZMessageViewController.swift; sourceTree = "<group>"; };
		DA6B00E81C1C4B5300D362C9 /* HMZProfileViewController.swift */ = {isa = PBXFileReference; fileEncoding = 4; lastKnownFileType = sourcecode.swift; path = HMZProfileViewController.swift; sourceTree = "<group>"; };
		DA6B00EA1C1C5ABD00D362C9 /* HMZCommon.swift */ = {isa = PBXFileReference; fileEncoding = 4; lastKnownFileType = sourcecode.swift; path = HMZCommon.swift; sourceTree = "<group>"; };
		DA6B00EF1C1C691200D362C9 /* HMZVisitorLoginViewController.swift */ = {isa = PBXFileReference; fileEncoding = 4; lastKnownFileType = sourcecode.swift; path = HMZVisitorLoginViewController.swift; sourceTree = "<group>"; };
		DA74044D1C24E8A000919717 /* HMZPictureSeclectorViewController.swift */ = {isa = PBXFileReference; fileEncoding = 4; lastKnownFileType = sourcecode.swift; path = HMZPictureSeclectorViewController.swift; sourceTree = "<group>"; };
		DA7E691A1C227EE3001E7B78 /* NSDate+Extension.swift */ = {isa = PBXFileReference; fileEncoding = 4; lastKnownFileType = sourcecode.swift; path = "NSDate+Extension.swift"; sourceTree = "<group>"; };
		DA7E691B1C227EE3001E7B78 /* String+RegEx.swift */ = {isa = PBXFileReference; fileEncoding = 4; lastKnownFileType = sourcecode.swift; path = "String+RegEx.swift"; sourceTree = "<group>"; };
		DA7E691C1C227EE3001E7B78 /* UIButton+Extension.swift */ = {isa = PBXFileReference; fileEncoding = 4; lastKnownFileType = sourcecode.swift; path = "UIButton+Extension.swift"; sourceTree = "<group>"; };
		DA7E691D1C227EE3001E7B78 /* UILabel+Extension.swift */ = {isa = PBXFileReference; fileEncoding = 4; lastKnownFileType = sourcecode.swift; path = "UILabel+Extension.swift"; sourceTree = "<group>"; };
		DA7E691E1C227EE3001E7B78 /* UIVIew+ViewController.swift */ = {isa = PBXFileReference; fileEncoding = 4; lastKnownFileType = sourcecode.swift; path = "UIVIew+ViewController.swift"; sourceTree = "<group>"; };
		DA7E69241C227F32001E7B78 /* HMZEmoticonTextView.swift */ = {isa = PBXFileReference; fileEncoding = 4; lastKnownFileType = sourcecode.swift; path = HMZEmoticonTextView.swift; sourceTree = "<group>"; };
		DA7E69261C228478001E7B78 /* HMZEmoticon.swift */ = {isa = PBXFileReference; fileEncoding = 4; lastKnownFileType = sourcecode.swift; path = HMZEmoticon.swift; sourceTree = "<group>"; };
		DA7E69281C228547001E7B78 /* Emoticons.bundle */ = {isa = PBXFileReference; lastKnownFileType = "wrapper.plug-in"; path = Emoticons.bundle; sourceTree = "<group>"; };
		DA7E692A1C228B77001E7B78 /* HMZEmoticonAttachment.swift */ = {isa = PBXFileReference; fileEncoding = 4; lastKnownFileType = sourcecode.swift; path = HMZEmoticonAttachment.swift; sourceTree = "<group>"; };
		DA7E692C1C22BA6A001E7B78 /* HMZEmoticonPackage.swift */ = {isa = PBXFileReference; fileEncoding = 4; lastKnownFileType = sourcecode.swift; path = HMZEmoticonPackage.swift; sourceTree = "<group>"; };
		DA7E692E1C22CE62001E7B78 /* HMZEmoticonManager.swift */ = {isa = PBXFileReference; fileEncoding = 4; lastKnownFileType = sourcecode.swift; path = HMZEmoticonManager.swift; sourceTree = "<group>"; };
		DA8783A91C1FB11400A411C1 /* HMZStatusCell.swift */ = {isa = PBXFileReference; fileEncoding = 4; lastKnownFileType = sourcecode.swift; path = HMZStatusCell.swift; sourceTree = "<group>"; };
		DA92A5C21C2A6E5B00EDB552 /* HMZProgressImageView.swift */ = {isa = PBXFileReference; fileEncoding = 4; lastKnownFileType = sourcecode.swift; path = HMZProgressImageView.swift; sourceTree = "<group>"; };
		DA92A5C41C2A742E00EDB552 /* HMZPhotoBrowserViewController.swift */ = {isa = PBXFileReference; fileEncoding = 4; lastKnownFileType = sourcecode.swift; path = HMZPhotoBrowserViewController.swift; sourceTree = "<group>"; };
		DA92A5C61C2A80FF00EDB552 /* HMZPhotoBrowserCell.swift */ = {isa = PBXFileReference; fileEncoding = 4; lastKnownFileType = sourcecode.swift; path = HMZPhotoBrowserCell.swift; sourceTree = "<group>"; };
		DA92A5C81C2AAD9A00EDB552 /* HMZPhotoBrowserAnimator.swift */ = {isa = PBXFileReference; fileEncoding = 4; lastKnownFileType = sourcecode.swift; path = HMZPhotoBrowserAnimator.swift; sourceTree = "<group>"; };
		DA99324C1C1BC65300FD69F6 /* MyMicroblog.app */ = {isa = PBXFileReference; explicitFileType = wrapper.application; includeInIndex = 0; path = MyMicroblog.app; sourceTree = BUILT_PRODUCTS_DIR; };
		DA99324F1C1BC65300FD69F6 /* AppDelegate.swift */ = {isa = PBXFileReference; lastKnownFileType = sourcecode.swift; path = AppDelegate.swift; sourceTree = "<group>"; };
		DA99325B1C1BC65300FD69F6 /* Info.plist */ = {isa = PBXFileReference; lastKnownFileType = text.plist.xml; path = Info.plist; sourceTree = "<group>"; };
		DA9932611C1BC77800FD69F6 /* Assets.xcassets */ = {isa = PBXFileReference; lastKnownFileType = folder.assetcatalog; path = Assets.xcassets; sourceTree = "<group>"; };
		DA9B6C661C1E6653005A910A /* HMZNewFeatureViewController.swift */ = {isa = PBXFileReference; fileEncoding = 4; lastKnownFileType = sourcecode.swift; path = HMZNewFeatureViewController.swift; sourceTree = "<group>"; };
		DA9B6C681C1E672B005A910A /* HMZWelcomeViewController.swift */ = {isa = PBXFileReference; fileEncoding = 4; lastKnownFileType = sourcecode.swift; path = HMZWelcomeViewController.swift; sourceTree = "<group>"; };
		DA9E07921C2399300036F444 /* HMZStatusComment.swift */ = {isa = PBXFileReference; fileEncoding = 4; lastKnownFileType = sourcecode.swift; path = HMZStatusComment.swift; sourceTree = "<group>"; };
		DA9E07941C239DDD0036F444 /* HMZStatusCommentController.swift */ = {isa = PBXFileReference; fileEncoding = 4; lastKnownFileType = sourcecode.swift; path = HMZStatusCommentController.swift; sourceTree = "<group>"; };
		DA9E07961C239FCD0036F444 /* HMZStatusCommentViewModel.swift */ = {isa = PBXFileReference; fileEncoding = 4; lastKnownFileType = sourcecode.swift; path = HMZStatusCommentViewModel.swift; sourceTree = "<group>"; };
		DA9E07991C23B5880036F444 /* HMZCommentCell.swift */ = {isa = PBXFileReference; fileEncoding = 4; lastKnownFileType = sourcecode.swift; path = HMZCommentCell.swift; sourceTree = "<group>"; };
		DA9E079B1C23F62A0036F444 /* HMZEmoticonKeyboardView.swift */ = {isa = PBXFileReference; fileEncoding = 4; lastKnownFileType = sourcecode.swift; path = HMZEmoticonKeyboardView.swift; sourceTree = "<group>"; };
		DAF5B2AA1C20FFEC0021DC2F /* HMZStatusPhotoView.swift */ = {isa = PBXFileReference; fileEncoding = 4; lastKnownFileType = sourcecode.swift; path = HMZStatusPhotoView.swift; sourceTree = "<group>"; };
		DAF5B2AC1C213A360021DC2F /* HMZWebViewController.swift */ = {isa = PBXFileReference; fileEncoding = 4; lastKnownFileType = sourcecode.swift; path = HMZWebViewController.swift; sourceTree = "<group>"; };
		DAF5B2B21C2244FD0021DC2F /* HMZUserViewModel.swift */ = {isa = PBXFileReference; fileEncoding = 4; lastKnownFileType = sourcecode.swift; path = HMZUserViewModel.swift; sourceTree = "<group>"; };
		DAF5B2B71C225AE00021DC2F /* HMZComposeViewController.swift */ = {isa = PBXFileReference; fileEncoding = 4; lastKnownFileType = sourcecode.swift; path = HMZComposeViewController.swift; sourceTree = "<group>"; };
		DAFBAFB31C2A33EA00A08251 /* HMZRefreshControl.swift */ = {isa = PBXFileReference; fileEncoding = 4; lastKnownFileType = sourcecode.swift; path = HMZRefreshControl.swift; sourceTree = "<group>"; };
/* End PBXFileReference section */

/* Begin PBXFrameworksBuildPhase section */
		DA9932491C1BC65300FD69F6 /* Frameworks */ = {
			isa = PBXFrameworksBuildPhase;
			buildActionMask = 2147483647;
			files = (
				4FF0AB4A1DB9324A2F9123CF /* Pods.framework in Frameworks */,
			);
			runOnlyForDeploymentPostprocessing = 0;
		};
/* End PBXFrameworksBuildPhase section */

/* Begin PBXGroup section */
		726A1CB7EC91F82E5AD79919 /* Frameworks */ = {
			isa = PBXGroup;
			children = (
				538A39FE6BE18E7BFF0308D6 /* Pods.framework */,
			);
			name = Frameworks;
			sourceTree = "<group>";
		};
		DA0152EC1C1ECC3F00F4E5E3 /* Extension */ = {
			isa = PBXGroup;
			children = (
				DA7E691A1C227EE3001E7B78 /* NSDate+Extension.swift */,
				DA7E691B1C227EE3001E7B78 /* String+RegEx.swift */,
				DA7E691C1C227EE3001E7B78 /* UIButton+Extension.swift */,
				DA7E691D1C227EE3001E7B78 /* UILabel+Extension.swift */,
				DA7E691E1C227EE3001E7B78 /* UIVIew+ViewController.swift */,
				DA1ECA561C2D21E50044F814 /* String+Emoji.swift */,
			);
			path = Extension;
			sourceTree = "<group>";
		};
		DA02821F1C1D0BBA000416A4 /* OAuth */ = {
			isa = PBXGroup;
			children = (
				DA0282201C1D0C93000416A4 /* HMZOAuthViewController.swift */,
			);
			path = OAuth;
			sourceTree = "<group>";
		};
		DA6B00CF1C1C059F00D362C9 /* Classes */ = {
			isa = PBXGroup;
			children = (
				DA6B00D01C1C059F00D362C9 /* Module */,
				DA6B00D61C1C060E00D362C9 /* Model */,
				DA6B00D71C1C060E00D362C9 /* Tools */,
				DA6B00D81C1C060E00D362C9 /* ViewModel */,
			);
			path = Classes;
			sourceTree = "<group>";
		};
		DA6B00D01C1C059F00D362C9 /* Module */ = {
			isa = PBXGroup;
			children = (
				DAF5B2B41C225A8D0021DC2F /* Compose */,
				DA9B6C651C1E65E8005A910A /* NewFeature */,
				DA02821F1C1D0BBA000416A4 /* OAuth */,
				DA6B00D11C1C059F00D362C9 /* Discover */,
				DA6B00D21C1C059F00D362C9 /* Home */,
				DA6B00D31C1C059F00D362C9 /* Main */,
				DA6B00D41C1C059F00D362C9 /* Message */,
				DA6B00D51C1C059F00D362C9 /* Profile */,
			);
			path = Module;
			sourceTree = "<group>";
		};
		DA6B00D11C1C059F00D362C9 /* Discover */ = {
			isa = PBXGroup;
			children = (
				DA6B00DF1C1C4AA300D362C9 /* HMZDiscoverViewController.swift */,
			);
			path = Discover;
			sourceTree = "<group>";
		};
		DA6B00D21C1C059F00D362C9 /* Home */ = {
			isa = PBXGroup;
			children = (
				DA8783A81C1FB0E100A411C1 /* StatusCell */,
				DA9E07981C23B5440036F444 /* CommentCell */,
				DA6B00E11C1C4AB500D362C9 /* HMZHomeViewController.swift */,
				DAF5B2AC1C213A360021DC2F /* HMZWebViewController.swift */,
				DA9E07941C239DDD0036F444 /* HMZStatusCommentController.swift */,
			);
			path = Home;
			sourceTree = "<group>";
		};
		DA6B00D31C1C059F00D362C9 /* Main */ = {
			isa = PBXGroup;
			children = (
				DA6B00E31C1C4AD700D362C9 /* Base */,
				DA6B00EC1C1C687600D362C9 /* VisitorLoginView */,
				DA6B00D91C1C068000D362C9 /* HMZMainTabBarController.swift */,
				DA6B00DD1C1C08C100D362C9 /* HMZMainTabBar.swift */,
				DA0152EA1C1EC4AE00F4E5E3 /* HMZNavigationController.swift */,
			);
			path = Main;
			sourceTree = "<group>";
		};
		DA6B00D41C1C059F00D362C9 /* Message */ = {
			isa = PBXGroup;
			children = (
				DA6B00E61C1C4B3D00D362C9 /* HMZMessageViewController.swift */,
			);
			path = Message;
			sourceTree = "<group>";
		};
		DA6B00D51C1C059F00D362C9 /* Profile */ = {
			isa = PBXGroup;
			children = (
				DA6B00E81C1C4B5300D362C9 /* HMZProfileViewController.swift */,
			);
			path = Profile;
			sourceTree = "<group>";
		};
		DA6B00D61C1C060E00D362C9 /* Model */ = {
			isa = PBXGroup;
			children = (
				DA0282241C1D405E000416A4 /* HMZAccount.swift */,
				DA0152F31C1EDF9800F4E5E3 /* HMZStatus.swift */,
				DA0152F51C1EE0D200F4E5E3 /* HMZUser.swift */,
				DA9E07921C2399300036F444 /* HMZStatusComment.swift */,
			);
			path = Model;
			sourceTree = "<group>";
		};
		DA6B00D71C1C060E00D362C9 /* Tools */ = {
			isa = PBXGroup;
			children = (
				DA92A5C11C2A6CB800EDB552 /* PhotoBrowser */,
				DA7E69191C227E72001E7B78 /* Emoticon */,
				DA0152EC1C1ECC3F00F4E5E3 /* Extension */,
				DA6B00EA1C1C5ABD00D362C9 /* HMZCommon.swift */,
				DA02821D1C1D0135000416A4 /* HMZNetWorkTool.swift */,
				DA1ECA591C2D35E00044F814 /* HMZDropdownMenu.h */,
				DA1ECA5A1C2D35E00044F814 /* HMZDropdownMenu.m */,
				DA1ECA581C2D35E00044F814 /* MyMicroblog-Bridging-Header.h */,
			);
			path = Tools;
			sourceTree = "<group>";
		};
		DA6B00D81C1C060E00D362C9 /* ViewModel */ = {
			isa = PBXGroup;
			children = (
				DA0282221C1D1E63000416A4 /* HMZUserAccountViewModel.swift */,
				DA18C66F1C1FEDB800C8FCB7 /* HMZStatusViewModel.swift */,
				DAF5B2B21C2244FD0021DC2F /* HMZUserViewModel.swift */,
				DA9E07961C239FCD0036F444 /* HMZStatusCommentViewModel.swift */,
			);
			path = ViewModel;
			sourceTree = "<group>";
		};
		DA6B00E31C1C4AD700D362C9 /* Base */ = {
			isa = PBXGroup;
			children = (
				DA6B00E41C1C4AF400D362C9 /* HMZBaseTableViewController.swift */,
			);
			name = Base;
			path = ..;
			sourceTree = "<group>";
		};
		DA6B00EC1C1C687600D362C9 /* VisitorLoginView */ = {
			isa = PBXGroup;
			children = (
				DA6B00EF1C1C691200D362C9 /* HMZVisitorLoginViewController.swift */,
			);
			path = VisitorLoginView;
			sourceTree = "<group>";
		};
		DA7E69191C227E72001E7B78 /* Emoticon */ = {
			isa = PBXGroup;
			children = (
				DA9E079B1C23F62A0036F444 /* HMZEmoticonKeyboardView.swift */,
				DA7E69261C228478001E7B78 /* HMZEmoticon.swift */,
				DA7E69241C227F32001E7B78 /* HMZEmoticonTextView.swift */,
				DA7E692A1C228B77001E7B78 /* HMZEmoticonAttachment.swift */,
				DA7E692C1C22BA6A001E7B78 /* HMZEmoticonPackage.swift */,
				DA7E692E1C22CE62001E7B78 /* HMZEmoticonManager.swift */,
				DA7E69281C228547001E7B78 /* Emoticons.bundle */,
			);
			path = Emoticon;
			sourceTree = "<group>";
		};
		DA8783A81C1FB0E100A411C1 /* StatusCell */ = {
			isa = PBXGroup;
			children = (
				DA8783A91C1FB11400A411C1 /* HMZStatusCell.swift */,
				DA18C66D1C1FC31F00C8FCB7 /* HMZStatusOriginalView.swift */,
				DA18C6711C20417100C8FCB7 /* HMZStatusToolBar.swift */,
				DA18C6731C205E1200C8FCB7 /* HMZStatusRetweetedView.swift */,
				DAF5B2AA1C20FFEC0021DC2F /* HMZStatusPhotoView.swift */,
				DAFBAFB31C2A33EA00A08251 /* HMZRefreshControl.swift */,
			);
			path = StatusCell;
			sourceTree = "<group>";
		};
		DA92A5C11C2A6CB800EDB552 /* PhotoBrowser */ = {
			isa = PBXGroup;
			children = (
				DA92A5C21C2A6E5B00EDB552 /* HMZProgressImageView.swift */,
				DA92A5C41C2A742E00EDB552 /* HMZPhotoBrowserViewController.swift */,
				DA92A5C61C2A80FF00EDB552 /* HMZPhotoBrowserCell.swift */,
				DA92A5C81C2AAD9A00EDB552 /* HMZPhotoBrowserAnimator.swift */,
			);
			path = PhotoBrowser;
			sourceTree = "<group>";
		};
		DA9932431C1BC65300FD69F6 = {
			isa = PBXGroup;
			children = (
				DA99324E1C1BC65300FD69F6 /* MyMicroblog */,
				DA99324D1C1BC65300FD69F6 /* Products */,
				EA02D35503E28CDD0D3F7DDE /* Pods */,
				726A1CB7EC91F82E5AD79919 /* Frameworks */,
			);
			sourceTree = "<group>";
		};
		DA99324D1C1BC65300FD69F6 /* Products */ = {
			isa = PBXGroup;
			children = (
				DA99324C1C1BC65300FD69F6 /* MyMicroblog.app */,
			);
			name = Products;
			sourceTree = "<group>";
		};
		DA99324E1C1BC65300FD69F6 /* MyMicroblog */ = {
			isa = PBXGroup;
			children = (
				DA6B00CF1C1C059F00D362C9 /* Classes */,
				DA99324F1C1BC65300FD69F6 /* AppDelegate.swift */,
				DA99325B1C1BC65300FD69F6 /* Info.plist */,
				DA9932611C1BC77800FD69F6 /* Assets.xcassets */,
			);
			path = MyMicroblog;
			sourceTree = "<group>";
		};
		DA9B6C651C1E65E8005A910A /* NewFeature */ = {
			isa = PBXGroup;
			children = (
				DA9B6C661C1E6653005A910A /* HMZNewFeatureViewController.swift */,
				DA9B6C681C1E672B005A910A /* HMZWelcomeViewController.swift */,
			);
			path = NewFeature;
			sourceTree = "<group>";
		};
		DA9E07981C23B5440036F444 /* CommentCell */ = {
			isa = PBXGroup;
			children = (
				DA9E07991C23B5880036F444 /* HMZCommentCell.swift */,
			);
			path = CommentCell;
			sourceTree = "<group>";
		};
		DAF5B2B41C225A8D0021DC2F /* Compose */ = {
			isa = PBXGroup;
			children = (
				DAF5B2B71C225AE00021DC2F /* HMZComposeViewController.swift */,
				DA74044D1C24E8A000919717 /* HMZPictureSeclectorViewController.swift */,
			);
			path = Compose;
			sourceTree = "<group>";
		};
		EA02D35503E28CDD0D3F7DDE /* Pods */ = {
			isa = PBXGroup;
			children = (
				90FA620B0D6587D6FCA06E3E /* Pods.debug.xcconfig */,
				719CF3A230C0F12D07071A75 /* Pods.release.xcconfig */,
			);
			name = Pods;
			sourceTree = "<group>";
		};
/* End PBXGroup section */

/* Begin PBXNativeTarget section */
		DA99324B1C1BC65300FD69F6 /* MyMicroblog */ = {
			isa = PBXNativeTarget;
			buildConfigurationList = DA99325E1C1BC65300FD69F6 /* Build configuration list for PBXNativeTarget "MyMicroblog" */;
			buildPhases = (
				10039398EE72A8DCD5954669 /* Check Pods Manifest.lock */,
				DA9932481C1BC65300FD69F6 /* Sources */,
				DA9932491C1BC65300FD69F6 /* Frameworks */,
				DA99324A1C1BC65300FD69F6 /* Resources */,
				26C408B880A14104FDA5A216 /* Embed Pods Frameworks */,
				2EF3EFDC369CC1363CF29A7B /* Copy Pods Resources */,
			);
			buildRules = (
			);
			dependencies = (
			);
			name = MyMicroblog;
			productName = MyMicroblog;
			productReference = DA99324C1C1BC65300FD69F6 /* MyMicroblog.app */;
			productType = "com.apple.product-type.application";
		};
/* End PBXNativeTarget section */

/* Begin PBXProject section */
		DA9932441C1BC65300FD69F6 /* Project object */ = {
			isa = PBXProject;
			attributes = {
				CLASSPREFIX = HMZ;
				LastSwiftUpdateCheck = 0720;
				LastUpgradeCheck = 0710;
				ORGANIZATIONNAME = "赵志丹";
				TargetAttributes = {
					DA99324B1C1BC65300FD69F6 = {
						CreatedOnToolsVersion = 7.1.1;
						DevelopmentTeam = 8N6JG4G385;
					};
				};
			};
			buildConfigurationList = DA9932471C1BC65300FD69F6 /* Build configuration list for PBXProject "MyMicroblog" */;
			compatibilityVersion = "Xcode 3.2";
			developmentRegion = English;
			hasScannedForEncodings = 0;
			knownRegions = (
				en,
				Base,
			);
			mainGroup = DA9932431C1BC65300FD69F6;
			productRefGroup = DA99324D1C1BC65300FD69F6 /* Products */;
			projectDirPath = "";
			projectRoot = "";
			targets = (
				DA99324B1C1BC65300FD69F6 /* MyMicroblog */,
			);
		};
/* End PBXProject section */

/* Begin PBXResourcesBuildPhase section */
		DA99324A1C1BC65300FD69F6 /* Resources */ = {
			isa = PBXResourcesBuildPhase;
			buildActionMask = 2147483647;
			files = (
				DA9932621C1BC77800FD69F6 /* Assets.xcassets in Resources */,
				DA7E69291C228547001E7B78 /* Emoticons.bundle in Resources */,
			);
			runOnlyForDeploymentPostprocessing = 0;
		};
/* End PBXResourcesBuildPhase section */

/* Begin PBXShellScriptBuildPhase section */
		10039398EE72A8DCD5954669 /* Check Pods Manifest.lock */ = {
			isa = PBXShellScriptBuildPhase;
			buildActionMask = 2147483647;
			files = (
			);
			inputPaths = (
			);
			name = "Check Pods Manifest.lock";
			outputPaths = (
			);
			runOnlyForDeploymentPostprocessing = 0;
			shellPath = /bin/sh;
			shellScript = "diff \"${PODS_ROOT}/../Podfile.lock\" \"${PODS_ROOT}/Manifest.lock\" > /dev/null\nif [[ $? != 0 ]] ; then\n    cat << EOM\nerror: The sandbox is not in sync with the Podfile.lock. Run 'pod install' or update your CocoaPods installation.\nEOM\n    exit 1\nfi\n";
			showEnvVarsInLog = 0;
		};
		26C408B880A14104FDA5A216 /* Embed Pods Frameworks */ = {
			isa = PBXShellScriptBuildPhase;
			buildActionMask = 2147483647;
			files = (
			);
			inputPaths = (
			);
			name = "Embed Pods Frameworks";
			outputPaths = (
			);
			runOnlyForDeploymentPostprocessing = 0;
			shellPath = /bin/sh;
			shellScript = "\"${SRCROOT}/Pods/Target Support Files/Pods/Pods-frameworks.sh\"\n";
			showEnvVarsInLog = 0;
		};
		2EF3EFDC369CC1363CF29A7B /* Copy Pods Resources */ = {
			isa = PBXShellScriptBuildPhase;
			buildActionMask = 2147483647;
			files = (
			);
			inputPaths = (
			);
			name = "Copy Pods Resources";
			outputPaths = (
			);
			runOnlyForDeploymentPostprocessing = 0;
			shellPath = /bin/sh;
			shellScript = "\"${SRCROOT}/Pods/Target Support Files/Pods/Pods-resources.sh\"\n";
			showEnvVarsInLog = 0;
		};
/* End PBXShellScriptBuildPhase section */

/* Begin PBXSourcesBuildPhase section */
		DA9932481C1BC65300FD69F6 /* Sources */ = {
			isa = PBXSourcesBuildPhase;
			buildActionMask = 2147483647;
			files = (
				DA7E69211C227EE3001E7B78 /* UIButton+Extension.swift in Sources */,
				DA7E692D1C22BA6A001E7B78 /* HMZEmoticonPackage.swift in Sources */,
				DA6B00E91C1C4B5300D362C9 /* HMZProfileViewController.swift in Sources */,
				DA9B6C671C1E6653005A910A /* HMZNewFeatureViewController.swift in Sources */,
				DA0152EB1C1EC4AE00F4E5E3 /* HMZNavigationController.swift in Sources */,
				DAF5B2AB1C20FFEC0021DC2F /* HMZStatusPhotoView.swift in Sources */,
				DA9932501C1BC65300FD69F6 /* AppDelegate.swift in Sources */,
				DA9B6C691C1E672B005A910A /* HMZWelcomeViewController.swift in Sources */,
				DA8783AA1C1FB11400A411C1 /* HMZStatusCell.swift in Sources */,
				DA0282231C1D1E63000416A4 /* HMZUserAccountViewModel.swift in Sources */,
				DA9E07951C239DDD0036F444 /* HMZStatusCommentController.swift in Sources */,
				DA18C6721C20417100C8FCB7 /* HMZStatusToolBar.swift in Sources */,
				DA18C6701C1FEDB800C8FCB7 /* HMZStatusViewModel.swift in Sources */,
				DA18C6741C205E1200C8FCB7 /* HMZStatusRetweetedView.swift in Sources */,
				DAF5B2B81C225AE00021DC2F /* HMZComposeViewController.swift in Sources */,
				DAF5B2B31C2244FD0021DC2F /* HMZUserViewModel.swift in Sources */,
				DA74044E1C24E8A000919717 /* HMZPictureSeclectorViewController.swift in Sources */,
				DA92A5C71C2A80FF00EDB552 /* HMZPhotoBrowserCell.swift in Sources */,
				DA0282211C1D0C93000416A4 /* HMZOAuthViewController.swift in Sources */,
				DA18C66E1C1FC31F00C8FCB7 /* HMZStatusOriginalView.swift in Sources */,
				DAF5B2AD1C213A360021DC2F /* HMZWebViewController.swift in Sources */,
				DA7E69251C227F32001E7B78 /* HMZEmoticonTextView.swift in Sources */,
				DA9E07931C2399300036F444 /* HMZStatusComment.swift in Sources */,
				DA7E692F1C22CE62001E7B78 /* HMZEmoticonManager.swift in Sources */,
				DA6B00EB1C1C5ABD00D362C9 /* HMZCommon.swift in Sources */,
				DA7E691F1C227EE3001E7B78 /* NSDate+Extension.swift in Sources */,
				DA6B00DE1C1C08C100D362C9 /* HMZMainTabBar.swift in Sources */,
				DA02821E1C1D0135000416A4 /* HMZNetWorkTool.swift in Sources */,
				DA6B00DA1C1C068000D362C9 /* HMZMainTabBarController.swift in Sources */,
				DA1ECA5B1C2D35E00044F814 /* HMZDropdownMenu.m in Sources */,
				DA0152F61C1EE0D200F4E5E3 /* HMZUser.swift in Sources */,
				DA92A5C91C2AAD9A00EDB552 /* HMZPhotoBrowserAnimator.swift in Sources */,
				DA7E69201C227EE3001E7B78 /* String+RegEx.swift in Sources */,
				DA7E69221C227EE3001E7B78 /* UILabel+Extension.swift in Sources */,
				DA6B00E21C1C4AB500D362C9 /* HMZHomeViewController.swift in Sources */,
				DA6B00E51C1C4AF400D362C9 /* HMZBaseTableViewController.swift in Sources */,
				DA6B00F01C1C691200D362C9 /* HMZVisitorLoginViewController.swift in Sources */,
				DA9E079A1C23B5880036F444 /* HMZCommentCell.swift in Sources */,
				DA92A5C51C2A742E00EDB552 /* HMZPhotoBrowserViewController.swift in Sources */,
				DAFBAFB41C2A33EA00A08251 /* HMZRefreshControl.swift in Sources */,
				DA1ECA571C2D21E50044F814 /* String+Emoji.swift in Sources */,
				DA7E69231C227EE3001E7B78 /* UIVIew+ViewController.swift in Sources */,
				DA92A5C31C2A6E5B00EDB552 /* HMZProgressImageView.swift in Sources */,
				DA7E69271C228478001E7B78 /* HMZEmoticon.swift in Sources */,
				DA6B00E71C1C4B3D00D362C9 /* HMZMessageViewController.swift in Sources */,
				DA7E692B1C228B77001E7B78 /* HMZEmoticonAttachment.swift in Sources */,
				DA6B00E01C1C4AA300D362C9 /* HMZDiscoverViewController.swift in Sources */,
				DA0282251C1D405E000416A4 /* HMZAccount.swift in Sources */,
				DA0152F41C1EDF9800F4E5E3 /* HMZStatus.swift in Sources */,
				DA9E079C1C23F62A0036F444 /* HMZEmoticonKeyboardView.swift in Sources */,
				DA9E07971C239FCD0036F444 /* HMZStatusCommentViewModel.swift in Sources */,
			);
			runOnlyForDeploymentPostprocessing = 0;
		};
/* End PBXSourcesBuildPhase section */

/* Begin XCBuildConfiguration section */
		DA99325C1C1BC65300FD69F6 /* Debug */ = {
			isa = XCBuildConfiguration;
			buildSettings = {
				ALWAYS_SEARCH_USER_PATHS = NO;
				CLANG_CXX_LANGUAGE_STANDARD = "gnu++0x";
				CLANG_CXX_LIBRARY = "libc++";
				CLANG_ENABLE_MODULES = YES;
				CLANG_ENABLE_OBJC_ARC = YES;
				CLANG_WARN_BOOL_CONVERSION = YES;
				CLANG_WARN_CONSTANT_CONVERSION = YES;
				CLANG_WARN_DIRECT_OBJC_ISA_USAGE = YES_ERROR;
				CLANG_WARN_EMPTY_BODY = YES;
				CLANG_WARN_ENUM_CONVERSION = YES;
				CLANG_WARN_INT_CONVERSION = YES;
				CLANG_WARN_OBJC_ROOT_CLASS = YES_ERROR;
				CLANG_WARN_UNREACHABLE_CODE = YES;
				CLANG_WARN__DUPLICATE_METHOD_MATCH = YES;
				"CODE_SIGN_IDENTITY[sdk=iphoneos*]" = "iPhone Developer";
				COPY_PHASE_STRIP = NO;
				DEBUG_INFORMATION_FORMAT = dwarf;
				ENABLE_STRICT_OBJC_MSGSEND = YES;
				ENABLE_TESTABILITY = YES;
				GCC_C_LANGUAGE_STANDARD = gnu99;
				GCC_DYNAMIC_NO_PIC = NO;
				GCC_NO_COMMON_BLOCKS = YES;
				GCC_OPTIMIZATION_LEVEL = 0;
				GCC_PREPROCESSOR_DEFINITIONS = (
					"DEBUG=1",
					"$(inherited)",
				);
				GCC_WARN_64_TO_32_BIT_CONVERSION = YES;
				GCC_WARN_ABOUT_RETURN_TYPE = YES_ERROR;
				GCC_WARN_UNDECLARED_SELECTOR = YES;
				GCC_WARN_UNINITIALIZED_AUTOS = YES_AGGRESSIVE;
				GCC_WARN_UNUSED_FUNCTION = YES;
				GCC_WARN_UNUSED_VARIABLE = YES;
				IPHONEOS_DEPLOYMENT_TARGET = 8.0;
				MTL_ENABLE_DEBUG_INFO = YES;
				ONLY_ACTIVE_ARCH = YES;
				SDKROOT = iphoneos;
				SWIFT_OPTIMIZATION_LEVEL = "-Onone";
			};
			name = Debug;
		};
		DA99325D1C1BC65300FD69F6 /* Release */ = {
			isa = XCBuildConfiguration;
			buildSettings = {
				ALWAYS_SEARCH_USER_PATHS = NO;
				CLANG_CXX_LANGUAGE_STANDARD = "gnu++0x";
				CLANG_CXX_LIBRARY = "libc++";
				CLANG_ENABLE_MODULES = YES;
				CLANG_ENABLE_OBJC_ARC = YES;
				CLANG_WARN_BOOL_CONVERSION = YES;
				CLANG_WARN_CONSTANT_CONVERSION = YES;
				CLANG_WARN_DIRECT_OBJC_ISA_USAGE = YES_ERROR;
				CLANG_WARN_EMPTY_BODY = YES;
				CLANG_WARN_ENUM_CONVERSION = YES;
				CLANG_WARN_INT_CONVERSION = YES;
				CLANG_WARN_OBJC_ROOT_CLASS = YES_ERROR;
				CLANG_WARN_UNREACHABLE_CODE = YES;
				CLANG_WARN__DUPLICATE_METHOD_MATCH = YES;
				"CODE_SIGN_IDENTITY[sdk=iphoneos*]" = "iPhone Developer";
				COPY_PHASE_STRIP = NO;
				DEBUG_INFORMATION_FORMAT = "dwarf-with-dsym";
				ENABLE_NS_ASSERTIONS = NO;
				ENABLE_STRICT_OBJC_MSGSEND = YES;
				GCC_C_LANGUAGE_STANDARD = gnu99;
				GCC_NO_COMMON_BLOCKS = YES;
				GCC_WARN_64_TO_32_BIT_CONVERSION = YES;
				GCC_WARN_ABOUT_RETURN_TYPE = YES_ERROR;
				GCC_WARN_UNDECLARED_SELECTOR = YES;
				GCC_WARN_UNINITIALIZED_AUTOS = YES_AGGRESSIVE;
				GCC_WARN_UNUSED_FUNCTION = YES;
				GCC_WARN_UNUSED_VARIABLE = YES;
				IPHONEOS_DEPLOYMENT_TARGET = 8.0;
				MTL_ENABLE_DEBUG_INFO = NO;
				SDKROOT = iphoneos;
				VALIDATE_PRODUCT = YES;
			};
			name = Release;
		};
		DA99325F1C1BC65300FD69F6 /* Debug */ = {
			isa = XCBuildConfiguration;
			baseConfigurationReference = 90FA620B0D6587D6FCA06E3E /* Pods.debug.xcconfig */;
			buildSettings = {
				ASSETCATALOG_COMPILER_APPICON_NAME = AppIcon;
				ASSETCATALOG_COMPILER_LAUNCHIMAGE_NAME = "Brand Assets";
				CLANG_ENABLE_MODULES = YES;
				CODE_SIGN_IDENTITY = "iPhone Developer";
				"CODE_SIGN_IDENTITY[sdk=iphoneos*]" = "iPhone Developer";
				INFOPLIST_FILE = MyMicroblog/Info.plist;
				LD_RUNPATH_SEARCH_PATHS = "$(inherited) @executable_path/Frameworks";
				PRODUCT_BUNDLE_IDENTIFIER = cn.Badge.MyMicroblog;
				PRODUCT_NAME = "$(TARGET_NAME)";
				PROVISIONING_PROFILE = "";
				SWIFT_OBJC_BRIDGING_HEADER = "MyMicroblog/Classes/Tools/MyMicroblog-Bridging-Header.h";
				SWIFT_OPTIMIZATION_LEVEL = "-Onone";
			};
			name = Debug;
		};
		DA9932601C1BC65300FD69F6 /* Release */ = {
			isa = XCBuildConfiguration;
			baseConfigurationReference = 719CF3A230C0F12D07071A75 /* Pods.release.xcconfig */;
			buildSettings = {
				ASSETCATALOG_COMPILER_APPICON_NAME = AppIcon;
				ASSETCATALOG_COMPILER_LAUNCHIMAGE_NAME = "Brand Assets";
				CLANG_ENABLE_MODULES = YES;
				CODE_SIGN_IDENTITY = "iPhone Developer";
				"CODE_SIGN_IDENTITY[sdk=iphoneos*]" = "iPhone Developer";
				INFOPLIST_FILE = MyMicroblog/Info.plist;
				LD_RUNPATH_SEARCH_PATHS = "$(inherited) @executable_path/Frameworks";
				PRODUCT_BUNDLE_IDENTIFIER = cn.Badge.MyMicroblog;
				PRODUCT_NAME = "$(TARGET_NAME)";
				PROVISIONING_PROFILE = "";
				SWIFT_OBJC_BRIDGING_HEADER = "MyMicroblog/Classes/Tools/MyMicroblog-Bridging-Header.h";
			};
			name = Release;
		};
/* End XCBuildConfiguration section */

/* Begin XCConfigurationList section */
		DA9932471C1BC65300FD69F6 /* Build configuration list for PBXProject "MyMicroblog" */ = {
			isa = XCConfigurationList;
			buildConfigurations = (
				DA99325C1C1BC65300FD69F6 /* Debug */,
				DA99325D1C1BC65300FD69F6 /* Release */,
			);
			defaultConfigurationIsVisible = 0;
			defaultConfigurationName = Release;
		};
		DA99325E1C1BC65300FD69F6 /* Build configuration list for PBXNativeTarget "MyMicroblog" */ = {
			isa = XCConfigurationList;
			buildConfigurations = (
				DA99325F1C1BC65300FD69F6 /* Debug */,
				DA9932601C1BC65300FD69F6 /* Release */,
			);
			defaultConfigurationIsVisible = 0;
			defaultConfigurationName = Release;
		};
/* End XCConfigurationList section */
	};
	rootObject = DA9932441C1BC65300FD69F6 /* Project object */;
}
